// !$*UTF8*$!
{
	archiveVersion = 1;
	classes = {
	};
	objectVersion = 51;
	objects = {

/* Begin PBXBuildFile section */
		166FF3F4B2C2B9E0A4F62423 /* Pods_Carbash_healthy_food.framework in Frameworks */ = {isa = PBXBuildFile; fileRef = C725145A7FA28F96343C924F /* Pods_Carbash_healthy_food.framework */; };
		751A13EB2209C6340027B1F0 /* TabBarController.swift in Sources */ = {isa = PBXBuildFile; fileRef = 751A13EA2209C6340027B1F0 /* TabBarController.swift */; };
		75304647220C5D23009E2856 /* orderCartVC.swift in Sources */ = {isa = PBXBuildFile; fileRef = 75304646220C5D23009E2856 /* orderCartVC.swift */; };
		75304649220C76F3009E2856 /* API + Myorder.swift in Sources */ = {isa = PBXBuildFile; fileRef = 75304648220C76F3009E2856 /* API + Myorder.swift */; };
		7530464B220C8055009E2856 /* myordersCell.swift in Sources */ = {isa = PBXBuildFile; fileRef = 7530464A220C8055009E2856 /* myordersCell.swift */; };
		7530464E220C8262009E2856 /* myOrdersVC.swift in Sources */ = {isa = PBXBuildFile; fileRef = 7530464D220C8262009E2856 /* myOrdersVC.swift */; };
		75304650220C878D009E2856 /* myorderDetials.swift in Sources */ = {isa = PBXBuildFile; fileRef = 7530464F220C878D009E2856 /* myorderDetials.swift */; };
		75304652220C8940009E2856 /* myOrdersDetialsVC.swift in Sources */ = {isa = PBXBuildFile; fileRef = 75304651220C8940009E2856 /* myOrdersDetialsVC.swift */; };
		75304654220C8BEC009E2856 /* API + Consultings.swift in Sources */ = {isa = PBXBuildFile; fileRef = 75304653220C8BEC009E2856 /* API + Consultings.swift */; };
		75304656220C8DB2009E2856 /* consultingsVC.swift in Sources */ = {isa = PBXBuildFile; fileRef = 75304655220C8DB2009E2856 /* consultingsVC.swift */; };
		7535DA99221C551D003B5419 /* OPPWAMobile-Resources.bundle in Resources */ = {isa = PBXBuildFile; fileRef = 7535DA97221C551B003B5419 /* OPPWAMobile-Resources.bundle */; };
		7535DA9A221C551D003B5419 /* OPPWAMobile.framework in Frameworks */ = {isa = PBXBuildFile; fileRef = 7535DA98221C551D003B5419 /* OPPWAMobile.framework */; };
		75821D2D221161590067DF96 /* API + Package.swift in Sources */ = {isa = PBXBuildFile; fileRef = 75821D2C221161590067DF96 /* API + Package.swift */; };
		75821D2F221174750067DF96 /* packages.swift in Sources */ = {isa = PBXBuildFile; fileRef = 75821D2E221174750067DF96 /* packages.swift */; };
		75821D312211794D0067DF96 /* myBakageCell.swift in Sources */ = {isa = PBXBuildFile; fileRef = 75821D302211794D0067DF96 /* myBakageCell.swift */; };
		75821D3322117DE30067DF96 /* myPackagesVC.swift in Sources */ = {isa = PBXBuildFile; fileRef = 75821D3222117DE30067DF96 /* myPackagesVC.swift */; };
		7582BE982200E4EA0016FC9A /* loginVC.swift in Sources */ = {isa = PBXBuildFile; fileRef = 7582BE972200E4EA0016FC9A /* loginVC.swift */; };
		7582BE9A2200E64F0016FC9A /* signupVC.swift in Sources */ = {isa = PBXBuildFile; fileRef = 7582BE992200E64F0016FC9A /* signupVC.swift */; };
		7582BE9C2200EB940016FC9A /* textimage.swift in Sources */ = {isa = PBXBuildFile; fileRef = 7582BE9B2200EB940016FC9A /* textimage.swift */; };
		758785532206DCC900CE0397 /* editPasswordVC.swift in Sources */ = {isa = PBXBuildFile; fileRef = 758785522206DCC900CE0397 /* editPasswordVC.swift */; };
		758785552206EB6300CE0397 /* restPasswordVC.swift in Sources */ = {isa = PBXBuildFile; fileRef = 758785542206EB6300CE0397 /* restPasswordVC.swift */; };
		758785572206F38400CE0397 /* home.swift in Sources */ = {isa = PBXBuildFile; fileRef = 758785562206F38400CE0397 /* home.swift */; };
		758785592206F3DE00CE0397 /* API+Home.swift in Sources */ = {isa = PBXBuildFile; fileRef = 758785582206F3DE00CE0397 /* API+Home.swift */; };
		7587855B2206F4F300CE0397 /* BannerCell.swift in Sources */ = {isa = PBXBuildFile; fileRef = 7587855A2206F4F300CE0397 /* BannerCell.swift */; };
		7587855D2207115300CE0397 /* homeMaillcell.swift in Sources */ = {isa = PBXBuildFile; fileRef = 7587855C2207115300CE0397 /* homeMaillcell.swift */; };
		7587855F22071CB900CE0397 /* mailDeatilesVC.swift in Sources */ = {isa = PBXBuildFile; fileRef = 7587855E22071CB900CE0397 /* mailDeatilesVC.swift */; };
		7587856122072B1600CE0397 /* foodDetialsCell.swift in Sources */ = {isa = PBXBuildFile; fileRef = 7587856022072B1600CE0397 /* foodDetialsCell.swift */; };
		7587856322073E9A00CE0397 /* mealVC.swift in Sources */ = {isa = PBXBuildFile; fileRef = 7587856222073E9A00CE0397 /* mealVC.swift */; };
		758E77E522081D8500046DBC /* PackagesVC.swift in Sources */ = {isa = PBXBuildFile; fileRef = 758E77E422081D8500046DBC /* PackagesVC.swift */; };
		758E77E722081EC400046DBC /* detailsPackagesVC.swift in Sources */ = {isa = PBXBuildFile; fileRef = 758E77E622081EC400046DBC /* detailsPackagesVC.swift */; };
		758E77E922083D9300046DBC /* backageBanners.swift in Sources */ = {isa = PBXBuildFile; fileRef = 758E77E822083D9300046DBC /* backageBanners.swift */; };
		758E77EB22086C7A00046DBC /* cricalImage.swift in Sources */ = {isa = PBXBuildFile; fileRef = 758E77EA22086C7A00046DBC /* cricalImage.swift */; };
		758E77EE2208782E00046DBC /* cartVC.swift in Sources */ = {isa = PBXBuildFile; fileRef = 758E77ED2208782E00046DBC /* cartVC.swift */; };
		7591AB622201A5D30077413C /* home.storyboard in Resources */ = {isa = PBXBuildFile; fileRef = 7591AB612201A5D30077413C /* home.storyboard */; };
		7591AB642201AC2D0077413C /* cart.storyboard in Resources */ = {isa = PBXBuildFile; fileRef = 7591AB632201AC2D0077413C /* cart.storyboard */; };
		7591AB662201AD9D0077413C /* myOrders.storyboard in Resources */ = {isa = PBXBuildFile; fileRef = 7591AB652201AD9D0077413C /* myOrders.storyboard */; };
		7591AB682201AEF90077413C /* profile.storyboard in Resources */ = {isa = PBXBuildFile; fileRef = 7591AB672201AEF90077413C /* profile.storyboard */; };
		7591AB6C2201D0690077413C /* roundView.swift in Sources */ = {isa = PBXBuildFile; fileRef = 7591AB6B2201D0690077413C /* roundView.swift */; };
		7591AB6F2201E1350077413C /* homeVC.swift in Sources */ = {isa = PBXBuildFile; fileRef = 7591AB6E2201E1350077413C /* homeVC.swift */; };
		7591AB712201F6730077413C /* roundedTxtView.swift in Sources */ = {isa = PBXBuildFile; fileRef = 7591AB702201F6720077413C /* roundedTxtView.swift */; };
		75A0F2AA221EA31B00CA48A5 /* API+Payment.swift in Sources */ = {isa = PBXBuildFile; fileRef = 75A0F2A9221EA31B00CA48A5 /* API+Payment.swift */; };
		75AE0529220985CD00CCD579 /* Cart.swift in Sources */ = {isa = PBXBuildFile; fileRef = 75AE0528220985CD00CCD579 /* Cart.swift */; };
		75AE052B2209870500CCD579 /* API+Cart.swift in Sources */ = {isa = PBXBuildFile; fileRef = 75AE052A2209870500CCD579 /* API+Cart.swift */; };
		75AE052D22098BB800CCD579 /* cartCell.swift in Sources */ = {isa = PBXBuildFile; fileRef = 75AE052C22098BB800CCD579 /* cartCell.swift */; };
		75B362BD2202FBDA00782D51 /* Cofig.swift in Sources */ = {isa = PBXBuildFile; fileRef = 75B362BC2202FBDA00782D51 /* Cofig.swift */; };
		75B362BF2202FD0F00782D51 /* API+Auth.swift in Sources */ = {isa = PBXBuildFile; fileRef = 75B362BE2202FD0F00782D51 /* API+Auth.swift */; };
		75B362C122030E1C00782D51 /* showAlert.swift in Sources */ = {isa = PBXBuildFile; fileRef = 75B362C022030E1C00782D51 /* showAlert.swift */; };
		75B362C322030E3A00782D51 /* helper.swift in Sources */ = {isa = PBXBuildFile; fileRef = 75B362C222030E3A00782D51 /* helper.swift */; };
		75B362C52203264F00782D51 /* roundedLable.swift in Sources */ = {isa = PBXBuildFile; fileRef = 75B362C42203264F00782D51 /* roundedLable.swift */; };
		75B362C822032D1A00782D51 /* profileVC.swift in Sources */ = {isa = PBXBuildFile; fileRef = 75B362C722032D1A00782D51 /* profileVC.swift */; };
		75B362CA220331B300782D51 /* API+Profile.swift in Sources */ = {isa = PBXBuildFile; fileRef = 75B362C9220331B300782D51 /* API+Profile.swift */; };
		75B362CC22034B9500782D51 /* editProfileVC.swift in Sources */ = {isa = PBXBuildFile; fileRef = 75B362CB22034B9500782D51 /* editProfileVC.swift */; };
		75D9F5A9221DAAEE009925D6 /* Utils.swift in Sources */ = {isa = PBXBuildFile; fileRef = 75D9F5A8221DAAEE009925D6 /* Utils.swift */; };
		75D9F5AB221DAB37009925D6 /* Configs.swift in Sources */ = {isa = PBXBuildFile; fileRef = 75D9F5AA221DAB37009925D6 /* Configs.swift */; };
		75D9F5AD221DAC57009925D6 /* Request.swift in Sources */ = {isa = PBXBuildFile; fileRef = 75D9F5AC221DAC57009925D6 /* Request.swift */; };
		75D9F5AF221DBCE5009925D6 /* paymentVC.swift in Sources */ = {isa = PBXBuildFile; fileRef = 75D9F5AE221DBCE5009925D6 /* paymentVC.swift */; };
		75EB32972200A43A00B93BF4 /* AppDelegate.swift in Sources */ = {isa = PBXBuildFile; fileRef = 75EB32962200A43A00B93BF4 /* AppDelegate.swift */; };
		75EB329C2200A43A00B93BF4 /* Main.storyboard in Resources */ = {isa = PBXBuildFile; fileRef = 75EB329A2200A43A00B93BF4 /* Main.storyboard */; };
		75EB329E2200A43B00B93BF4 /* Assets.xcassets in Resources */ = {isa = PBXBuildFile; fileRef = 75EB329D2200A43B00B93BF4 /* Assets.xcassets */; };
		75EB32A12200A43B00B93BF4 /* LaunchScreen.storyboard in Resources */ = {isa = PBXBuildFile; fileRef = 75EB329F2200A43B00B93BF4 /* LaunchScreen.storyboard */; };
		75EB32AB2200A46000B93BF4 /* Cairo-Regular.ttf in Resources */ = {isa = PBXBuildFile; fileRef = 75EB32A92200A46000B93BF4 /* Cairo-Regular.ttf */; };
		75EB32AC2200A46000B93BF4 /* Cairo-Bold.ttf in Resources */ = {isa = PBXBuildFile; fileRef = 75EB32AA2200A46000B93BF4 /* Cairo-Bold.ttf */; };
/* End PBXBuildFile section */

/* Begin PBXFileReference section */
		28D79F6B2AAED1C34644B145 /* Pods-Carbash healthy food.debug.xcconfig */ = {isa = PBXFileReference; includeInIndex = 1; lastKnownFileType = text.xcconfig; name = "Pods-Carbash healthy food.debug.xcconfig"; path = "Pods/Target Support Files/Pods-Carbash healthy food/Pods-Carbash healthy food.debug.xcconfig"; sourceTree = "<group>"; };
		465EA4C88B2DFE4A5207158C /* Pods-Carbash healthy food.release.xcconfig */ = {isa = PBXFileReference; includeInIndex = 1; lastKnownFileType = text.xcconfig; name = "Pods-Carbash healthy food.release.xcconfig"; path = "Pods/Target Support Files/Pods-Carbash healthy food/Pods-Carbash healthy food.release.xcconfig"; sourceTree = "<group>"; };
		751A13EA2209C6340027B1F0 /* TabBarController.swift */ = {isa = PBXFileReference; lastKnownFileType = sourcecode.swift; path = TabBarController.swift; sourceTree = "<group>"; };
		75304646220C5D23009E2856 /* orderCartVC.swift */ = {isa = PBXFileReference; lastKnownFileType = sourcecode.swift; path = orderCartVC.swift; sourceTree = "<group>"; };
		75304648220C76F3009E2856 /* API + Myorder.swift */ = {isa = PBXFileReference; lastKnownFileType = sourcecode.swift; path = "API + Myorder.swift"; sourceTree = "<group>"; };
		7530464A220C8055009E2856 /* myordersCell.swift */ = {isa = PBXFileReference; lastKnownFileType = sourcecode.swift; path = myordersCell.swift; sourceTree = "<group>"; };
		7530464D220C8262009E2856 /* myOrdersVC.swift */ = {isa = PBXFileReference; lastKnownFileType = sourcecode.swift; path = myOrdersVC.swift; sourceTree = "<group>"; };
		7530464F220C878D009E2856 /* myorderDetials.swift */ = {isa = PBXFileReference; lastKnownFileType = sourcecode.swift; path = myorderDetials.swift; sourceTree = "<group>"; };
		75304651220C8940009E2856 /* myOrdersDetialsVC.swift */ = {isa = PBXFileReference; lastKnownFileType = sourcecode.swift; path = myOrdersDetialsVC.swift; sourceTree = "<group>"; };
		75304653220C8BEC009E2856 /* API + Consultings.swift */ = {isa = PBXFileReference; lastKnownFileType = sourcecode.swift; path = "API + Consultings.swift"; sourceTree = "<group>"; };
		75304655220C8DB2009E2856 /* consultingsVC.swift */ = {isa = PBXFileReference; lastKnownFileType = sourcecode.swift; path = consultingsVC.swift; sourceTree = "<group>"; };
		7535DA97221C551B003B5419 /* OPPWAMobile-Resources.bundle */ = {isa = PBXFileReference; lastKnownFileType = "wrapper.plug-in"; path = "OPPWAMobile-Resources.bundle"; sourceTree = "<group>"; };
		7535DA98221C551D003B5419 /* OPPWAMobile.framework */ = {isa = PBXFileReference; lastKnownFileType = wrapper.framework; path = OPPWAMobile.framework; sourceTree = "<group>"; };
		7535DA9B221C5604003B5419 /* Header.h */ = {isa = PBXFileReference; lastKnownFileType = sourcecode.c.h; path = Header.h; sourceTree = "<group>"; };
		75821D2C221161590067DF96 /* API + Package.swift */ = {isa = PBXFileReference; lastKnownFileType = sourcecode.swift; path = "API + Package.swift"; sourceTree = "<group>"; };
		75821D2E221174750067DF96 /* packages.swift */ = {isa = PBXFileReference; lastKnownFileType = sourcecode.swift; path = packages.swift; sourceTree = "<group>"; };
		75821D302211794D0067DF96 /* myBakageCell.swift */ = {isa = PBXFileReference; lastKnownFileType = sourcecode.swift; path = myBakageCell.swift; sourceTree = "<group>"; };
		75821D3222117DE30067DF96 /* myPackagesVC.swift */ = {isa = PBXFileReference; lastKnownFileType = sourcecode.swift; path = myPackagesVC.swift; sourceTree = "<group>"; };
		7582BE972200E4EA0016FC9A /* loginVC.swift */ = {isa = PBXFileReference; lastKnownFileType = sourcecode.swift; path = loginVC.swift; sourceTree = "<group>"; };
		7582BE992200E64F0016FC9A /* signupVC.swift */ = {isa = PBXFileReference; lastKnownFileType = sourcecode.swift; path = signupVC.swift; sourceTree = "<group>"; };
		7582BE9B2200EB940016FC9A /* textimage.swift */ = {isa = PBXFileReference; lastKnownFileType = sourcecode.swift; path = textimage.swift; sourceTree = "<group>"; };
		758785522206DCC900CE0397 /* editPasswordVC.swift */ = {isa = PBXFileReference; lastKnownFileType = sourcecode.swift; path = editPasswordVC.swift; sourceTree = "<group>"; };
		758785542206EB6300CE0397 /* restPasswordVC.swift */ = {isa = PBXFileReference; lastKnownFileType = sourcecode.swift; path = restPasswordVC.swift; sourceTree = "<group>"; };
		758785562206F38400CE0397 /* home.swift */ = {isa = PBXFileReference; lastKnownFileType = sourcecode.swift; path = home.swift; sourceTree = "<group>"; };
		758785582206F3DE00CE0397 /* API+Home.swift */ = {isa = PBXFileReference; lastKnownFileType = sourcecode.swift; path = "API+Home.swift"; sourceTree = "<group>"; };
		7587855A2206F4F300CE0397 /* BannerCell.swift */ = {isa = PBXFileReference; lastKnownFileType = sourcecode.swift; path = BannerCell.swift; sourceTree = "<group>"; };
		7587855C2207115300CE0397 /* homeMaillcell.swift */ = {isa = PBXFileReference; lastKnownFileType = sourcecode.swift; path = homeMaillcell.swift; sourceTree = "<group>"; };
		7587855E22071CB900CE0397 /* mailDeatilesVC.swift */ = {isa = PBXFileReference; lastKnownFileType = sourcecode.swift; path = mailDeatilesVC.swift; sourceTree = "<group>"; };
		7587856022072B1600CE0397 /* foodDetialsCell.swift */ = {isa = PBXFileReference; lastKnownFileType = sourcecode.swift; path = foodDetialsCell.swift; sourceTree = "<group>"; };
		7587856222073E9A00CE0397 /* mealVC.swift */ = {isa = PBXFileReference; lastKnownFileType = sourcecode.swift; path = mealVC.swift; sourceTree = "<group>"; };
		758E77E422081D8500046DBC /* PackagesVC.swift */ = {isa = PBXFileReference; lastKnownFileType = sourcecode.swift; path = PackagesVC.swift; sourceTree = "<group>"; };
		758E77E622081EC400046DBC /* detailsPackagesVC.swift */ = {isa = PBXFileReference; lastKnownFileType = sourcecode.swift; path = detailsPackagesVC.swift; sourceTree = "<group>"; };
		758E77E822083D9300046DBC /* backageBanners.swift */ = {isa = PBXFileReference; lastKnownFileType = sourcecode.swift; path = backageBanners.swift; sourceTree = "<group>"; };
		758E77EA22086C7A00046DBC /* cricalImage.swift */ = {isa = PBXFileReference; lastKnownFileType = sourcecode.swift; path = cricalImage.swift; sourceTree = "<group>"; };
		758E77ED2208782E00046DBC /* cartVC.swift */ = {isa = PBXFileReference; lastKnownFileType = sourcecode.swift; path = cartVC.swift; sourceTree = "<group>"; };
		7591AB612201A5D30077413C /* home.storyboard */ = {isa = PBXFileReference; lastKnownFileType = file.storyboard; path = home.storyboard; sourceTree = "<group>"; };
		7591AB632201AC2D0077413C /* cart.storyboard */ = {isa = PBXFileReference; lastKnownFileType = file.storyboard; path = cart.storyboard; sourceTree = "<group>"; };
		7591AB652201AD9D0077413C /* myOrders.storyboard */ = {isa = PBXFileReference; lastKnownFileType = file.storyboard; path = myOrders.storyboard; sourceTree = "<group>"; };
		7591AB672201AEF90077413C /* profile.storyboard */ = {isa = PBXFileReference; lastKnownFileType = file.storyboard; path = profile.storyboard; sourceTree = "<group>"; };
		7591AB6B2201D0690077413C /* roundView.swift */ = {isa = PBXFileReference; lastKnownFileType = sourcecode.swift; path = roundView.swift; sourceTree = "<group>"; };
		7591AB6E2201E1350077413C /* homeVC.swift */ = {isa = PBXFileReference; lastKnownFileType = sourcecode.swift; path = homeVC.swift; sourceTree = "<group>"; };
		7591AB702201F6720077413C /* roundedTxtView.swift */ = {isa = PBXFileReference; lastKnownFileType = sourcecode.swift; path = roundedTxtView.swift; sourceTree = "<group>"; };
		75A0F2A9221EA31B00CA48A5 /* API+Payment.swift */ = {isa = PBXFileReference; lastKnownFileType = sourcecode.swift; path = "API+Payment.swift"; sourceTree = "<group>"; };
		75AE0528220985CD00CCD579 /* Cart.swift */ = {isa = PBXFileReference; lastKnownFileType = sourcecode.swift; path = Cart.swift; sourceTree = "<group>"; };
		75AE052A2209870500CCD579 /* API+Cart.swift */ = {isa = PBXFileReference; lastKnownFileType = sourcecode.swift; path = "API+Cart.swift"; sourceTree = "<group>"; };
		75AE052C22098BB800CCD579 /* cartCell.swift */ = {isa = PBXFileReference; lastKnownFileType = sourcecode.swift; path = cartCell.swift; sourceTree = "<group>"; };
		75B362BC2202FBDA00782D51 /* Cofig.swift */ = {isa = PBXFileReference; lastKnownFileType = sourcecode.swift; path = Cofig.swift; sourceTree = "<group>"; };
		75B362BE2202FD0F00782D51 /* API+Auth.swift */ = {isa = PBXFileReference; lastKnownFileType = sourcecode.swift; path = "API+Auth.swift"; sourceTree = "<group>"; };
		75B362C022030E1C00782D51 /* showAlert.swift */ = {isa = PBXFileReference; lastKnownFileType = sourcecode.swift; path = showAlert.swift; sourceTree = "<group>"; };
		75B362C222030E3A00782D51 /* helper.swift */ = {isa = PBXFileReference; lastKnownFileType = sourcecode.swift; path = helper.swift; sourceTree = "<group>"; };
		75B362C42203264F00782D51 /* roundedLable.swift */ = {isa = PBXFileReference; lastKnownFileType = sourcecode.swift; path = roundedLable.swift; sourceTree = "<group>"; };
		75B362C722032D1A00782D51 /* profileVC.swift */ = {isa = PBXFileReference; lastKnownFileType = sourcecode.swift; path = profileVC.swift; sourceTree = "<group>"; };
		75B362C9220331B300782D51 /* API+Profile.swift */ = {isa = PBXFileReference; lastKnownFileType = sourcecode.swift; path = "API+Profile.swift"; sourceTree = "<group>"; };
		75B362CB22034B9500782D51 /* editProfileVC.swift */ = {isa = PBXFileReference; lastKnownFileType = sourcecode.swift; path = editProfileVC.swift; sourceTree = "<group>"; };
		75D9F5A8221DAAEE009925D6 /* Utils.swift */ = {isa = PBXFileReference; lastKnownFileType = sourcecode.swift; path = Utils.swift; sourceTree = "<group>"; };
		75D9F5AA221DAB37009925D6 /* Configs.swift */ = {isa = PBXFileReference; lastKnownFileType = sourcecode.swift; path = Configs.swift; sourceTree = "<group>"; };
		75D9F5AC221DAC57009925D6 /* Request.swift */ = {isa = PBXFileReference; lastKnownFileType = sourcecode.swift; path = Request.swift; sourceTree = "<group>"; };
		75D9F5AE221DBCE5009925D6 /* paymentVC.swift */ = {isa = PBXFileReference; lastKnownFileType = sourcecode.swift; path = paymentVC.swift; sourceTree = "<group>"; };
		75EB32932200A43A00B93BF4 /* Carbash healthy food.app */ = {isa = PBXFileReference; explicitFileType = wrapper.application; includeInIndex = 0; path = "Carbash healthy food.app"; sourceTree = BUILT_PRODUCTS_DIR; };
		75EB32962200A43A00B93BF4 /* AppDelegate.swift */ = {isa = PBXFileReference; lastKnownFileType = sourcecode.swift; path = AppDelegate.swift; sourceTree = "<group>"; };
		75EB329B2200A43A00B93BF4 /* Base */ = {isa = PBXFileReference; lastKnownFileType = file.storyboard; name = Base; path = Base.lproj/Main.storyboard; sourceTree = "<group>"; };
		75EB329D2200A43B00B93BF4 /* Assets.xcassets */ = {isa = PBXFileReference; lastKnownFileType = folder.assetcatalog; path = Assets.xcassets; sourceTree = "<group>"; };
		75EB32A02200A43B00B93BF4 /* Base */ = {isa = PBXFileReference; lastKnownFileType = file.storyboard; name = Base; path = Base.lproj/LaunchScreen.storyboard; sourceTree = "<group>"; };
		75EB32A22200A43C00B93BF4 /* Info.plist */ = {isa = PBXFileReference; lastKnownFileType = text.plist.xml; path = Info.plist; sourceTree = "<group>"; };
		75EB32A92200A46000B93BF4 /* Cairo-Regular.ttf */ = {isa = PBXFileReference; lastKnownFileType = file; path = "Cairo-Regular.ttf"; sourceTree = "<group>"; };
		75EB32AA2200A46000B93BF4 /* Cairo-Bold.ttf */ = {isa = PBXFileReference; lastKnownFileType = file; path = "Cairo-Bold.ttf"; sourceTree = "<group>"; };
		C725145A7FA28F96343C924F /* Pods_Carbash_healthy_food.framework */ = {isa = PBXFileReference; explicitFileType = wrapper.framework; includeInIndex = 0; path = Pods_Carbash_healthy_food.framework; sourceTree = BUILT_PRODUCTS_DIR; };
/* End PBXFileReference section */

/* Begin PBXFrameworksBuildPhase section */
		75EB32902200A43A00B93BF4 /* Frameworks */ = {
			isa = PBXFrameworksBuildPhase;
			buildActionMask = 2147483647;
			files = (
				7535DA9A221C551D003B5419 /* OPPWAMobile.framework in Frameworks */,
				166FF3F4B2C2B9E0A4F62423 /* Pods_Carbash_healthy_food.framework in Frameworks */,
			);
			runOnlyForDeploymentPostprocessing = 0;
		};
/* End PBXFrameworksBuildPhase section */

/* Begin PBXGroup section */
		7530464C220C8245009E2856 /* MyOrders */ = {
			isa = PBXGroup;
			children = (
				7530464D220C8262009E2856 /* myOrdersVC.swift */,
				75304651220C8940009E2856 /* myOrdersDetialsVC.swift */,
			);
			path = MyOrders;
			sourceTree = "<group>";
		};
		7582BE952200E3200016FC9A /* View */ = {
			isa = PBXGroup;
			children = (
				7582BE9B2200EB940016FC9A /* textimage.swift */,
				7591AB6B2201D0690077413C /* roundView.swift */,
				7591AB702201F6720077413C /* roundedTxtView.swift */,
				75B362C42203264F00782D51 /* roundedLable.swift */,
				758E77EA22086C7A00046DBC /* cricalImage.swift */,
				751A13EA2209C6340027B1F0 /* TabBarController.swift */,
			);
			path = View;
			sourceTree = "<group>";
		};
		7582BE962200E3850016FC9A /* Controller */ = {
			isa = PBXGroup;
			children = (
				7530464C220C8245009E2856 /* MyOrders */,
				758E77EC2208780000046DBC /* Cart */,
				75B362C622032B8400782D51 /* Profile */,
				7591AB6D2201E1190077413C /* Home */,
				7591AB6A2201B3C60077413C /* Auht */,
			);
			path = Controller;
			sourceTree = "<group>";
		};
		758E77EC2208780000046DBC /* Cart */ = {
			isa = PBXGroup;
			children = (
				758E77ED2208782E00046DBC /* cartVC.swift */,
				75304646220C5D23009E2856 /* orderCartVC.swift */,
				75D9F5AE221DBCE5009925D6 /* paymentVC.swift */,
			);
			path = Cart;
			sourceTree = "<group>";
		};
		7591AB692201AF080077413C /* storyboard */ = {
			isa = PBXGroup;
			children = (
				75EB329F2200A43B00B93BF4 /* LaunchScreen.storyboard */,
				75EB329A2200A43A00B93BF4 /* Main.storyboard */,
				7591AB632201AC2D0077413C /* cart.storyboard */,
				7591AB612201A5D30077413C /* home.storyboard */,
				7591AB652201AD9D0077413C /* myOrders.storyboard */,
				7591AB672201AEF90077413C /* profile.storyboard */,
			);
			path = storyboard;
			sourceTree = "<group>";
		};
		7591AB6A2201B3C60077413C /* Auht */ = {
			isa = PBXGroup;
			children = (
				7582BE972200E4EA0016FC9A /* loginVC.swift */,
				7582BE992200E64F0016FC9A /* signupVC.swift */,
				758785542206EB6300CE0397 /* restPasswordVC.swift */,
			);
			path = Auht;
			sourceTree = "<group>";
		};
		7591AB6D2201E1190077413C /* Home */ = {
			isa = PBXGroup;
			children = (
				7591AB6E2201E1350077413C /* homeVC.swift */,
				7587855E22071CB900CE0397 /* mailDeatilesVC.swift */,
				7587856222073E9A00CE0397 /* mealVC.swift */,
				758E77E422081D8500046DBC /* PackagesVC.swift */,
				758E77E622081EC400046DBC /* detailsPackagesVC.swift */,
				75304655220C8DB2009E2856 /* consultingsVC.swift */,
			);
			path = Home;
			sourceTree = "<group>";
		};
		75B362B62202FB3400782D51 /* API */ = {
			isa = PBXGroup;
			children = (
				75B362BE2202FD0F00782D51 /* API+Auth.swift */,
				75B362C9220331B300782D51 /* API+Profile.swift */,
				758785582206F3DE00CE0397 /* API+Home.swift */,
				75AE052A2209870500CCD579 /* API+Cart.swift */,
				75304648220C76F3009E2856 /* API + Myorder.swift */,
				75304653220C8BEC009E2856 /* API + Consultings.swift */,
				75821D2C221161590067DF96 /* API + Package.swift */,
				75A0F2A9221EA31B00CA48A5 /* API+Payment.swift */,
			);
			path = API;
			sourceTree = "<group>";
		};
		75B362B72202FB4200782D51 /* cellClass */ = {
			isa = PBXGroup;
			children = (
				7587855C2207115300CE0397 /* homeMaillcell.swift */,
				7587855A2206F4F300CE0397 /* BannerCell.swift */,
				7587856022072B1600CE0397 /* foodDetialsCell.swift */,
				758E77E822083D9300046DBC /* backageBanners.swift */,
				75AE052C22098BB800CCD579 /* cartCell.swift */,
				7530464A220C8055009E2856 /* myordersCell.swift */,
				7530464F220C878D009E2856 /* myorderDetials.swift */,
				75821D302211794D0067DF96 /* myBakageCell.swift */,
			);
			path = cellClass;
			sourceTree = "<group>";
		};
		75B362B82202FB5700782D51 /* Extension */ = {
			isa = PBXGroup;
			children = (
				75B362C022030E1C00782D51 /* showAlert.swift */,
				75B362C222030E3A00782D51 /* helper.swift */,
			);
			path = Extension;
			sourceTree = "<group>";
		};
		75B362B92202FB6200782D51 /* Model */ = {
			isa = PBXGroup;
			children = (
				758785562206F38400CE0397 /* home.swift */,
				75AE0528220985CD00CCD579 /* Cart.swift */,
				75821D2E221174750067DF96 /* packages.swift */,
			);
			path = Model;
			sourceTree = "<group>";
		};
		75B362BA2202FB6C00782D51 /* URLS */ = {
			isa = PBXGroup;
			children = (
				75B362BC2202FBDA00782D51 /* Cofig.swift */,
				75D9F5A8221DAAEE009925D6 /* Utils.swift */,
				75D9F5AA221DAB37009925D6 /* Configs.swift */,
				75D9F5AC221DAC57009925D6 /* Request.swift */,
			);
			path = URLS;
			sourceTree = "<group>";
		};
		75B362C622032B8400782D51 /* Profile */ = {
			isa = PBXGroup;
			children = (
				75B362C722032D1A00782D51 /* profileVC.swift */,
				75B362CB22034B9500782D51 /* editProfileVC.swift */,
				758785522206DCC900CE0397 /* editPasswordVC.swift */,
				75821D3222117DE30067DF96 /* myPackagesVC.swift */,
			);
			path = Profile;
			sourceTree = "<group>";
		};
		75EB328A2200A43A00B93BF4 = {
			isa = PBXGroup;
			children = (
				75EB32952200A43A00B93BF4 /* Carbash healthy food */,
				75EB32942200A43A00B93BF4 /* Products */,
				AAF09BB55536372750EB30AF /* Pods */,
				BD9AC51C9ABEC00E6215C167 /* Frameworks */,
			);
			sourceTree = "<group>";
		};
		75EB32942200A43A00B93BF4 /* Products */ = {
			isa = PBXGroup;
			children = (
				75EB32932200A43A00B93BF4 /* Carbash healthy food.app */,
			);
			name = Products;
			sourceTree = "<group>";
		};
		75EB32952200A43A00B93BF4 /* Carbash healthy food */ = {
			isa = PBXGroup;
			children = (
				75EB32962200A43A00B93BF4 /* AppDelegate.swift */,
				75EB329D2200A43B00B93BF4 /* Assets.xcassets */,
				75EB32A22200A43C00B93BF4 /* Info.plist */,
				75B362BA2202FB6C00782D51 /* URLS */,
				75B362B92202FB6200782D51 /* Model */,
				75B362B82202FB5700782D51 /* Extension */,
				75B362B72202FB4200782D51 /* cellClass */,
				75B362B62202FB3400782D51 /* API */,
				7582BE962200E3850016FC9A /* Controller */,
				7582BE952200E3200016FC9A /* View */,
				75EB32A82200A44D00B93BF4 /* Fonts */,
				7591AB692201AF080077413C /* storyboard */,
				7535DA9B221C5604003B5419 /* Header.h */,
			);
			path = "Carbash healthy food";
			sourceTree = "<group>";
		};
		75EB32A82200A44D00B93BF4 /* Fonts */ = {
			isa = PBXGroup;
			children = (
				75EB32AA2200A46000B93BF4 /* Cairo-Bold.ttf */,
				75EB32A92200A46000B93BF4 /* Cairo-Regular.ttf */,
			);
			path = Fonts;
			sourceTree = "<group>";
		};
		AAF09BB55536372750EB30AF /* Pods */ = {
			isa = PBXGroup;
			children = (
				28D79F6B2AAED1C34644B145 /* Pods-Carbash healthy food.debug.xcconfig */,
				465EA4C88B2DFE4A5207158C /* Pods-Carbash healthy food.release.xcconfig */,
			);
			name = Pods;
			sourceTree = "<group>";
		};
		BD9AC51C9ABEC00E6215C167 /* Frameworks */ = {
			isa = PBXGroup;
			children = (
				C725145A7FA28F96343C924F /* Pods_Carbash_healthy_food.framework */,
				7535DA97221C551B003B5419 /* OPPWAMobile-Resources.bundle */,
				7535DA98221C551D003B5419 /* OPPWAMobile.framework */,
			);
			name = Frameworks;
			sourceTree = "<group>";
		};
/* End PBXGroup section */

/* Begin PBXNativeTarget section */
		75EB32922200A43A00B93BF4 /* Carbash healthy food */ = {
			isa = PBXNativeTarget;
			buildConfigurationList = 75EB32A52200A43C00B93BF4 /* Build configuration list for PBXNativeTarget "Carbash healthy food" */;
			buildPhases = (
				E32E95DC7DC0686CF1F460AE /* [CP] Check Pods Manifest.lock */,
				75EB328F2200A43A00B93BF4 /* Sources */,
				75EB32902200A43A00B93BF4 /* Frameworks */,
				75EB32912200A43A00B93BF4 /* Resources */,
				5A6FAF13F6C4673BE4C68847 /* [CP] Embed Pods Frameworks */,
			);
			buildRules = (
			);
			dependencies = (
			);
			name = "Carbash healthy food";
			productName = "Carbash healthy food";
			productReference = 75EB32932200A43A00B93BF4 /* Carbash healthy food.app */;
			productType = "com.apple.product-type.application";
		};
/* End PBXNativeTarget section */

/* Begin PBXProject section */
		75EB328B2200A43A00B93BF4 /* Project object */ = {
			isa = PBXProject;
			attributes = {
				LastSwiftUpdateCheck = 1010;
				LastUpgradeCheck = 1010;
				ORGANIZATIONNAME = farid;
				TargetAttributes = {
					75EB32922200A43A00B93BF4 = {
						CreatedOnToolsVersion = 10.1;
					};
				};
			};
			buildConfigurationList = 75EB328E2200A43A00B93BF4 /* Build configuration list for PBXProject "Carbash healthy food" */;
			compatibilityVersion = "Xcode 10.0";
			developmentRegion = en;
			hasScannedForEncodings = 0;
			knownRegions = (
				en,
				Base,
			);
			mainGroup = 75EB328A2200A43A00B93BF4;
			productRefGroup = 75EB32942200A43A00B93BF4 /* Products */;
			projectDirPath = "";
			projectRoot = "";
			targets = (
				75EB32922200A43A00B93BF4 /* Carbash healthy food */,
			);
		};
/* End PBXProject section */

/* Begin PBXResourcesBuildPhase section */
		75EB32912200A43A00B93BF4 /* Resources */ = {
			isa = PBXResourcesBuildPhase;
			buildActionMask = 2147483647;
			files = (
				7591AB662201AD9D0077413C /* myOrders.storyboard in Resources */,
				7535DA99221C551D003B5419 /* OPPWAMobile-Resources.bundle in Resources */,
				75EB32A12200A43B00B93BF4 /* LaunchScreen.storyboard in Resources */,
				7591AB622201A5D30077413C /* home.storyboard in Resources */,
				7591AB682201AEF90077413C /* profile.storyboard in Resources */,
				75EB32AC2200A46000B93BF4 /* Cairo-Bold.ttf in Resources */,
				75EB329E2200A43B00B93BF4 /* Assets.xcassets in Resources */,
				75EB32AB2200A46000B93BF4 /* Cairo-Regular.ttf in Resources */,
				7591AB642201AC2D0077413C /* cart.storyboard in Resources */,
				75EB329C2200A43A00B93BF4 /* Main.storyboard in Resources */,
			);
			runOnlyForDeploymentPostprocessing = 0;
		};
/* End PBXResourcesBuildPhase section */

/* Begin PBXShellScriptBuildPhase section */
		5A6FAF13F6C4673BE4C68847 /* [CP] Embed Pods Frameworks */ = {
			isa = PBXShellScriptBuildPhase;
			buildActionMask = 2147483647;
			files = (
			);
			inputPaths = (
				"${SRCROOT}/Pods/Target Support Files/Pods-Carbash healthy food/Pods-Carbash healthy food-frameworks.sh",
				"${BUILT_PRODUCTS_DIR}/Alamofire/Alamofire.framework",
				"${BUILT_PRODUCTS_DIR}/IQKeyboardManagerSwift/IQKeyboardManagerSwift.framework",
				"${BUILT_PRODUCTS_DIR}/Kingfisher/Kingfisher.framework",
				"${BUILT_PRODUCTS_DIR}/SwiftyJSON/SwiftyJSON.framework",
			);
			name = "[CP] Embed Pods Frameworks";
			outputPaths = (
				"${TARGET_BUILD_DIR}/${FRAMEWORKS_FOLDER_PATH}/Alamofire.framework",
				"${TARGET_BUILD_DIR}/${FRAMEWORKS_FOLDER_PATH}/IQKeyboardManagerSwift.framework",
				"${TARGET_BUILD_DIR}/${FRAMEWORKS_FOLDER_PATH}/Kingfisher.framework",
				"${TARGET_BUILD_DIR}/${FRAMEWORKS_FOLDER_PATH}/SwiftyJSON.framework",
			);
			runOnlyForDeploymentPostprocessing = 0;
			shellPath = /bin/sh;
			shellScript = "\"${SRCROOT}/Pods/Target Support Files/Pods-Carbash healthy food/Pods-Carbash healthy food-frameworks.sh\"\n";
			showEnvVarsInLog = 0;
		};
		E32E95DC7DC0686CF1F460AE /* [CP] Check Pods Manifest.lock */ = {
			isa = PBXShellScriptBuildPhase;
			buildActionMask = 2147483647;
			files = (
			);
			inputPaths = (
				"${PODS_PODFILE_DIR_PATH}/Podfile.lock",
				"${PODS_ROOT}/Manifest.lock",
			);
			name = "[CP] Check Pods Manifest.lock";
			outputPaths = (
				"$(DERIVED_FILE_DIR)/Pods-Carbash healthy food-checkManifestLockResult.txt",
			);
			runOnlyForDeploymentPostprocessing = 0;
			shellPath = /bin/sh;
			shellScript = "diff \"${PODS_PODFILE_DIR_PATH}/Podfile.lock\" \"${PODS_ROOT}/Manifest.lock\" > /dev/null\nif [ $? != 0 ] ; then\n    # print error to STDERR\n    echo \"error: The sandbox is not in sync with the Podfile.lock. Run 'pod install' or update your CocoaPods installation.\" >&2\n    exit 1\nfi\n# This output is used by Xcode 'outputs' to avoid re-running this script phase.\necho \"SUCCESS\" > \"${SCRIPT_OUTPUT_FILE_0}\"\n";
			showEnvVarsInLog = 0;
		};
/* End PBXShellScriptBuildPhase section */

/* Begin PBXSourcesBuildPhase section */
		75EB328F2200A43A00B93BF4 /* Sources */ = {
			isa = PBXSourcesBuildPhase;
			buildActionMask = 2147483647;
			files = (
				75B362BF2202FD0F00782D51 /* API+Auth.swift in Sources */,
				75D9F5AD221DAC57009925D6 /* Request.swift in Sources */,
				7587855B2206F4F300CE0397 /* BannerCell.swift in Sources */,
				75D9F5AB221DAB37009925D6 /* Configs.swift in Sources */,
				75304656220C8DB2009E2856 /* consultingsVC.swift in Sources */,
				7582BE982200E4EA0016FC9A /* loginVC.swift in Sources */,
				75304647220C5D23009E2856 /* orderCartVC.swift in Sources */,
				75A0F2AA221EA31B00CA48A5 /* API+Payment.swift in Sources */,
				7591AB6F2201E1350077413C /* homeVC.swift in Sources */,
				75B362C122030E1C00782D51 /* showAlert.swift in Sources */,
				75B362CA220331B300782D51 /* API+Profile.swift in Sources */,
				758E77E522081D8500046DBC /* PackagesVC.swift in Sources */,
				75304654220C8BEC009E2856 /* API + Consultings.swift in Sources */,
				75AE0529220985CD00CCD579 /* Cart.swift in Sources */,
				758E77E922083D9300046DBC /* backageBanners.swift in Sources */,
				75304652220C8940009E2856 /* myOrdersDetialsVC.swift in Sources */,
				7587855F22071CB900CE0397 /* mailDeatilesVC.swift in Sources */,
				75304650220C878D009E2856 /* myorderDetials.swift in Sources */,
				75D9F5A9221DAAEE009925D6 /* Utils.swift in Sources */,
				7591AB712201F6730077413C /* roundedTxtView.swift in Sources */,
				758785572206F38400CE0397 /* home.swift in Sources */,
				75B362CC22034B9500782D51 /* editProfileVC.swift in Sources */,
				7530464E220C8262009E2856 /* myOrdersVC.swift in Sources */,
				7587855D2207115300CE0397 /* homeMaillcell.swift in Sources */,
				758E77EB22086C7A00046DBC /* cricalImage.swift in Sources */,
				75EB32972200A43A00B93BF4 /* AppDelegate.swift in Sources */,
				75821D312211794D0067DF96 /* myBakageCell.swift in Sources */,
				75B362C52203264F00782D51 /* roundedLable.swift in Sources */,
				75D9F5AF221DBCE5009925D6 /* paymentVC.swift in Sources */,
				7530464B220C8055009E2856 /* myordersCell.swift in Sources */,
				758785592206F3DE00CE0397 /* API+Home.swift in Sources */,
				758E77EE2208782E00046DBC /* cartVC.swift in Sources */,
				75AE052D22098BB800CCD579 /* cartCell.swift in Sources */,
				7582BE9C2200EB940016FC9A /* textimage.swift in Sources */,
				75821D3322117DE30067DF96 /* myPackagesVC.swift in Sources */,
				758E77E722081EC400046DBC /* detailsPackagesVC.swift in Sources */,
				7587856322073E9A00CE0397 /* mealVC.swift in Sources */,
				7591AB6C2201D0690077413C /* roundView.swift in Sources */,
				751A13EB2209C6340027B1F0 /* TabBarController.swift in Sources */,
				75B362BD2202FBDA00782D51 /* Cofig.swift in Sources */,
				758785552206EB6300CE0397 /* restPasswordVC.swift in Sources */,
				75304649220C76F3009E2856 /* API + Myorder.swift in Sources */,
				75B362C822032D1A00782D51 /* profileVC.swift in Sources */,
				7582BE9A2200E64F0016FC9A /* signupVC.swift in Sources */,
				75821D2D221161590067DF96 /* API + Package.swift in Sources */,
				75AE052B2209870500CCD579 /* API+Cart.swift in Sources */,
				758785532206DCC900CE0397 /* editPasswordVC.swift in Sources */,
				75821D2F221174750067DF96 /* packages.swift in Sources */,
				75B362C322030E3A00782D51 /* helper.swift in Sources */,
				7587856122072B1600CE0397 /* foodDetialsCell.swift in Sources */,
			);
			runOnlyForDeploymentPostprocessing = 0;
		};
/* End PBXSourcesBuildPhase section */

/* Begin PBXVariantGroup section */
		75EB329A2200A43A00B93BF4 /* Main.storyboard */ = {
			isa = PBXVariantGroup;
			children = (
				75EB329B2200A43A00B93BF4 /* Base */,
			);
			name = Main.storyboard;
			sourceTree = "<group>";
		};
		75EB329F2200A43B00B93BF4 /* LaunchScreen.storyboard */ = {
			isa = PBXVariantGroup;
			children = (
				75EB32A02200A43B00B93BF4 /* Base */,
			);
			name = LaunchScreen.storyboard;
			sourceTree = "<group>";
		};
/* End PBXVariantGroup section */

/* Begin XCBuildConfiguration section */
		75EB32A32200A43C00B93BF4 /* Debug */ = {
			isa = XCBuildConfiguration;
			buildSettings = {
				ALWAYS_SEARCH_USER_PATHS = NO;
				CLANG_ANALYZER_NONNULL = YES;
				CLANG_ANALYZER_NUMBER_OBJECT_CONVERSION = YES_AGGRESSIVE;
				CLANG_CXX_LANGUAGE_STANDARD = "gnu++14";
				CLANG_CXX_LIBRARY = "libc++";
				CLANG_ENABLE_MODULES = YES;
				CLANG_ENABLE_OBJC_ARC = YES;
				CLANG_ENABLE_OBJC_WEAK = YES;
				CLANG_WARN_BLOCK_CAPTURE_AUTORELEASING = YES;
				CLANG_WARN_BOOL_CONVERSION = YES;
				CLANG_WARN_COMMA = YES;
				CLANG_WARN_CONSTANT_CONVERSION = YES;
				CLANG_WARN_DEPRECATED_OBJC_IMPLEMENTATIONS = YES;
				CLANG_WARN_DIRECT_OBJC_ISA_USAGE = YES_ERROR;
				CLANG_WARN_DOCUMENTATION_COMMENTS = YES;
				CLANG_WARN_EMPTY_BODY = YES;
				CLANG_WARN_ENUM_CONVERSION = YES;
				CLANG_WARN_INFINITE_RECURSION = YES;
				CLANG_WARN_INT_CONVERSION = YES;
				CLANG_WARN_NON_LITERAL_NULL_CONVERSION = YES;
				CLANG_WARN_OBJC_IMPLICIT_RETAIN_SELF = YES;
				CLANG_WARN_OBJC_LITERAL_CONVERSION = YES;
				CLANG_WARN_OBJC_ROOT_CLASS = YES_ERROR;
				CLANG_WARN_RANGE_LOOP_ANALYSIS = YES;
				CLANG_WARN_STRICT_PROTOTYPES = YES;
				CLANG_WARN_SUSPICIOUS_MOVE = YES;
				CLANG_WARN_UNGUARDED_AVAILABILITY = YES_AGGRESSIVE;
				CLANG_WARN_UNREACHABLE_CODE = YES;
				CLANG_WARN__DUPLICATE_METHOD_MATCH = YES;
				CODE_SIGN_IDENTITY = "iPhone Developer";
				COPY_PHASE_STRIP = NO;
				DEBUG_INFORMATION_FORMAT = dwarf;
				ENABLE_STRICT_OBJC_MSGSEND = YES;
				ENABLE_TESTABILITY = YES;
				GCC_C_LANGUAGE_STANDARD = gnu11;
				GCC_DYNAMIC_NO_PIC = NO;
				GCC_NO_COMMON_BLOCKS = YES;
				GCC_OPTIMIZATION_LEVEL = 0;
				GCC_PREPROCESSOR_DEFINITIONS = (
					"DEBUG=1",
					"$(inherited)",
				);
				GCC_WARN_64_TO_32_BIT_CONVERSION = YES;
				GCC_WARN_ABOUT_RETURN_TYPE = YES_ERROR;
				GCC_WARN_UNDECLARED_SELECTOR = YES;
				GCC_WARN_UNINITIALIZED_AUTOS = YES_AGGRESSIVE;
				GCC_WARN_UNUSED_FUNCTION = YES;
				GCC_WARN_UNUSED_VARIABLE = YES;
				IPHONEOS_DEPLOYMENT_TARGET = 12.1;
				MTL_ENABLE_DEBUG_INFO = INCLUDE_SOURCE;
				MTL_FAST_MATH = YES;
				ONLY_ACTIVE_ARCH = YES;
				SDKROOT = iphoneos;
				SWIFT_ACTIVE_COMPILATION_CONDITIONS = DEBUG;
				SWIFT_OPTIMIZATION_LEVEL = "-Onone";
			};
			name = Debug;
		};
		75EB32A42200A43C00B93BF4 /* Release */ = {
			isa = XCBuildConfiguration;
			buildSettings = {
				ALWAYS_SEARCH_USER_PATHS = NO;
				CLANG_ANALYZER_NONNULL = YES;
				CLANG_ANALYZER_NUMBER_OBJECT_CONVERSION = YES_AGGRESSIVE;
				CLANG_CXX_LANGUAGE_STANDARD = "gnu++14";
				CLANG_CXX_LIBRARY = "libc++";
				CLANG_ENABLE_MODULES = YES;
				CLANG_ENABLE_OBJC_ARC = YES;
				CLANG_ENABLE_OBJC_WEAK = YES;
				CLANG_WARN_BLOCK_CAPTURE_AUTORELEASING = YES;
				CLANG_WARN_BOOL_CONVERSION = YES;
				CLANG_WARN_COMMA = YES;
				CLANG_WARN_CONSTANT_CONVERSION = YES;
				CLANG_WARN_DEPRECATED_OBJC_IMPLEMENTATIONS = YES;
				CLANG_WARN_DIRECT_OBJC_ISA_USAGE = YES_ERROR;
				CLANG_WARN_DOCUMENTATION_COMMENTS = YES;
				CLANG_WARN_EMPTY_BODY = YES;
				CLANG_WARN_ENUM_CONVERSION = YES;
				CLANG_WARN_INFINITE_RECURSION = YES;
				CLANG_WARN_INT_CONVERSION = YES;
				CLANG_WARN_NON_LITERAL_NULL_CONVERSION = YES;
				CLANG_WARN_OBJC_IMPLICIT_RETAIN_SELF = YES;
				CLANG_WARN_OBJC_LITERAL_CONVERSION = YES;
				CLANG_WARN_OBJC_ROOT_CLASS = YES_ERROR;
				CLANG_WARN_RANGE_LOOP_ANALYSIS = YES;
				CLANG_WARN_STRICT_PROTOTYPES = YES;
				CLANG_WARN_SUSPICIOUS_MOVE = YES;
				CLANG_WARN_UNGUARDED_AVAILABILITY = YES_AGGRESSIVE;
				CLANG_WARN_UNREACHABLE_CODE = YES;
				CLANG_WARN__DUPLICATE_METHOD_MATCH = YES;
				CODE_SIGN_IDENTITY = "iPhone Developer";
				COPY_PHASE_STRIP = NO;
				DEBUG_INFORMATION_FORMAT = "dwarf-with-dsym";
				ENABLE_NS_ASSERTIONS = NO;
				ENABLE_STRICT_OBJC_MSGSEND = YES;
				GCC_C_LANGUAGE_STANDARD = gnu11;
				GCC_NO_COMMON_BLOCKS = YES;
				GCC_WARN_64_TO_32_BIT_CONVERSION = YES;
				GCC_WARN_ABOUT_RETURN_TYPE = YES_ERROR;
				GCC_WARN_UNDECLARED_SELECTOR = YES;
				GCC_WARN_UNINITIALIZED_AUTOS = YES_AGGRESSIVE;
				GCC_WARN_UNUSED_FUNCTION = YES;
				GCC_WARN_UNUSED_VARIABLE = YES;
				IPHONEOS_DEPLOYMENT_TARGET = 12.1;
				MTL_ENABLE_DEBUG_INFO = NO;
				MTL_FAST_MATH = YES;
				SDKROOT = iphoneos;
				SWIFT_COMPILATION_MODE = wholemodule;
				SWIFT_OPTIMIZATION_LEVEL = "-O";
				VALIDATE_PRODUCT = YES;
			};
			name = Release;
		};
		75EB32A62200A43C00B93BF4 /* Debug */ = {
			isa = XCBuildConfiguration;
			baseConfigurationReference = 28D79F6B2AAED1C34644B145 /* Pods-Carbash healthy food.debug.xcconfig */;
			buildSettings = {
				ASSETCATALOG_COMPILER_APPICON_NAME = AppIcon;
				CODE_SIGN_IDENTITY = "iPhone Distribution";
				CODE_SIGN_STYLE = Manual;
				DEVELOPMENT_TEAM = 4Z34DQ34UQ;
				FRAMEWORK_SEARCH_PATHS = (
					"$(inherited)",
					"$(PROJECT_DIR)",
				);
				INFOPLIST_FILE = "Carbash healthy food/Info.plist";
				LD_RUNPATH_SEARCH_PATHS = (
					"$(inherited)",
					"@executable_path/Frameworks",
				);
				PRODUCT_BUNDLE_IDENTIFIER = Ebakers.Carbash;
				PRODUCT_NAME = "$(TARGET_NAME)";
				PROVISIONING_PROFILE_SPECIFIER = Ebakers.Carbash;
				SWIFT_OBJC_BRIDGING_HEADER = "/Users/farid/Documents/Hyperapy SDK2.31 2/iOS_OPPWAMobile_2.31.0/Demo/Carbash healthy food/Carbash healthy food/Header.h";
				SWIFT_VERSION = 4.2;
				TARGETED_DEVICE_FAMILY = 1;
			};
			name = Debug;
		};
		75EB32A72200A43C00B93BF4 /* Release */ = {
			isa = XCBuildConfiguration;
			baseConfigurationReference = 465EA4C88B2DFE4A5207158C /* Pods-Carbash healthy food.release.xcconfig */;
			buildSettings = {
				ASSETCATALOG_COMPILER_APPICON_NAME = AppIcon;
				CODE_SIGN_IDENTITY = "iPhone Distribution";
				CODE_SIGN_STYLE = Manual;
				DEVELOPMENT_TEAM = 4Z34DQ34UQ;
				FRAMEWORK_SEARCH_PATHS = (
					"$(inherited)",
					"$(PROJECT_DIR)",
				);
				INFOPLIST_FILE = "Carbash healthy food/Info.plist";
				LD_RUNPATH_SEARCH_PATHS = (
					"$(inherited)",
					"@executable_path/Frameworks",
				);
				PRODUCT_BUNDLE_IDENTIFIER = Ebakers.Carbash;
				PRODUCT_NAME = "$(TARGET_NAME)";
				PROVISIONING_PROFILE_SPECIFIER = Ebakers.Carbash;
				SWIFT_OBJC_BRIDGING_HEADER = "/Users/farid/Documents/Hyperapy SDK2.31 2/iOS_OPPWAMobile_2.31.0/Demo/Carbash healthy food/Carbash healthy food/Header.h";
				SWIFT_VERSION = 4.2;
				TARGETED_DEVICE_FAMILY = 1;
			};
			name = Release;
		};
/* End XCBuildConfiguration section */

/* Begin XCConfigurationList section */
		75EB328E2200A43A00B93BF4 /* Build configuration list for PBXProject "Carbash healthy food" */ = {
			isa = XCConfigurationList;
			buildConfigurations = (
				75EB32A32200A43C00B93BF4 /* Debug */,
				75EB32A42200A43C00B93BF4 /* Release */,
			);
			defaultConfigurationIsVisible = 0;
			defaultConfigurationName = Release;
		};
		75EB32A52200A43C00B93BF4 /* Build configuration list for PBXNativeTarget "Carbash healthy food" */ = {
			isa = XCConfigurationList;
			buildConfigurations = (
				75EB32A62200A43C00B93BF4 /* Debug */,
				75EB32A72200A43C00B93BF4 /* Release */,
			);
			defaultConfigurationIsVisible = 0;
			defaultConfigurationName = Release;
		};
/* End XCConfigurationList section */
	};
	rootObject = 75EB328B2200A43A00B93BF4 /* Project object */;
}
